{
  "name": "@stackql/mcp-server",
  "version": "0.11.669",
  "lockfileVersion": 3,
  "requires": true,
  "packages": {
    "": {
      "name": "@stackql/mcp-server",
      "version": "0.11.669",
      "license": "MIT",
      "dependencies": {
        "adm-zip": "^0.6.1"
      },
      "bin": {
        "stackql-mcp": "bin/stackql-mcp.js"
      },
      "engines": {
        "node": ">=18"
      }
    },
    "node_modules/adm-zip": {
      "version": "0.6.1",
      "resolved": "https://registry.npmjs.org/adm-zip/-/adm-zip-0.6.1.tgz",
      "integrity": "sha512-Xwrja8nx9e5o2N1my4DsKCeKpdrnACyr1wtbPxBDgGzKzKyE9kRtBFA8mWldI+RVlD7CBZNWY/wQ2+ydwOR6kQ==",
      "license": "MIT",
      "engines": {
        "node": ">=14.0"
      }
    }
  }
}
